
Microsoft Visual Studio Solution File, Format Version 12.00
# Visual Studio 15
VisualStudioVersion = 15.0.28010.2036
MinimumVisualStudioVersion = 10.0.40219.1
Project("{8BC9CEB8-8B4A-11D0-8D11-00A0C91BC942}") = "第一次作业——快速幂", "第一次作业——快速幂\第一次作业——快速幂.vcxproj", "{2043CB70-27CE-467F-B172-DECD1A428F58}"
EndProject
Global
	GlobalSection(SolutionConfigurationPlatforms) = preSolution
		Debug|x64 = Debug|x64
		Debug|x86 = Debug|x86
		Release|x64 = Release|x64
		Release|x86 = Release|x86
	EndGlobalSection
	GlobalSection(ProjectConfigurationPlatforms) = postSolution
		{2043CB70-27CE-467F-B172-DECD1A428F58}.Debug|x64.ActiveCfg = Debug|x64
		{2043CB70-27CE-467F-B172-DECD1A428F58}.Debug|x64.Build.0 = Debug|x64
		{2043CB70-27CE-467F-B172-DECD1A428F58}.Debug|x86.ActiveCfg = Debug|Win32
		{2043CB70-27CE-467F-B172-DECD1A428F58}.Debug|x86.Build.0 = Debug|Win32
		{2043CB70-27CE-467F-B172-DECD1A428F58}.Release|x64.ActiveCfg = Release|x64
		{2043CB70-27CE-467F-B172-DECD1A428F58}.Release|x64.Build.0 = Release|x64
		{2043CB70-27CE-467F-B172-DECD1A428F58}.Release|x86.ActiveCfg = Release|Win32
		{2043CB70-27CE-467F-B172-DECD1A428F58}.Release|x86.Build.0 = Release|Win32
	EndGlobalSection
	GlobalSection(SolutionProperties) = preSolution
		HideSolutionNode = FALSE
	EndGlobalSection
	GlobalSection(ExtensibilityGlobals) = postSolution
		SolutionGuid = {47295150-5A0F-493D-9F53-29125A4521D1}
	EndGlobalSection
EndGlobal
