
Microsoft Visual Studio Solution File, Format Version 12.00
# Visual Studio 15
VisualStudioVersion = 15.0.28010.2036
MinimumVisualStudioVersion = 10.0.40219.1
Project("{8BC9CEB8-8B4A-11D0-8D11-00A0C91BC942}") = "第四次作业——踩格子", "第四次作业——踩格子\第四次作业——踩格子.vcxproj", "{C68D0856-D781-4742-97C1-D3C7ECE3C39F}"
EndProject
Global
	GlobalSection(SolutionConfigurationPlatforms) = preSolution
		Debug|x64 = Debug|x64
		Debug|x86 = Debug|x86
		Release|x64 = Release|x64
		Release|x86 = Release|x86
	EndGlobalSection
	GlobalSection(ProjectConfigurationPlatforms) = postSolution
		{C68D0856-D781-4742-97C1-D3C7ECE3C39F}.Debug|x64.ActiveCfg = Debug|x64
		{C68D0856-D781-4742-97C1-D3C7ECE3C39F}.Debug|x64.Build.0 = Debug|x64
		{C68D0856-D781-4742-97C1-D3C7ECE3C39F}.Debug|x86.ActiveCfg = Debug|Win32
		{C68D0856-D781-4742-97C1-D3C7ECE3C39F}.Debug|x86.Build.0 = Debug|Win32
		{C68D0856-D781-4742-97C1-D3C7ECE3C39F}.Release|x64.ActiveCfg = Release|x64
		{C68D0856-D781-4742-97C1-D3C7ECE3C39F}.Release|x64.Build.0 = Release|x64
		{C68D0856-D781-4742-97C1-D3C7ECE3C39F}.Release|x86.ActiveCfg = Release|Win32
		{C68D0856-D781-4742-97C1-D3C7ECE3C39F}.Release|x86.Build.0 = Release|Win32
	EndGlobalSection
	GlobalSection(SolutionProperties) = preSolution
		HideSolutionNode = FALSE
	EndGlobalSection
	GlobalSection(ExtensibilityGlobals) = postSolution
		SolutionGuid = {00AC1952-E402-4D34-9253-B46BF2617D68}
	EndGlobalSection
EndGlobal
